
Microsoft Visual Studio Solution File, Format Version 12.00
# Visual Studio Version 17
VisualStudioVersion = 17.7.34031.279
MinimumVisualStudioVersion = 10.0.40219.1
Project("{FAE04EC0-301F-11D3-BF4B-00C04F79EFBC}") = "Finance", "Finance\Finance.csproj", "{DE94CA41-7937-4C2E-AC3B-30D7596FAADD}"
EndProject
Global
	GlobalSection(SolutionConfigurationPlatforms) = preSolution
		Debug|Any CPU = Debug|Any CPU
		Release|Any CPU = Release|Any CPU
	EndGlobalSection
	GlobalSection(ProjectConfigurationPlatforms) = postSolution
		{DE94CA41-7937-4C2E-AC3B-30D7596FAADD}.Debug|Any CPU.ActiveCfg = Debug|Any CPU
		{DE94CA41-7937-4C2E-AC3B-30D7596FAADD}.Debug|Any CPU.Build.0 = Debug|Any CPU
		{DE94CA41-7937-4C2E-AC3B-30D7596FAADD}.Debug|Any CPU.Deploy.0 = Debug|Any CPU
		{DE94CA41-7937-4C2E-AC3B-30D7596FAADD}.Release|Any CPU.ActiveCfg = Release|Any CPU
		{DE94CA41-7937-4C2E-AC3B-30D7596FAADD}.Release|Any CPU.Build.0 = Release|Any CPU
		{DE94CA41-7937-4C2E-AC3B-30D7596FAADD}.Release|Any CPU.Deploy.0 = Release|Any CPU
	EndGlobalSection
	GlobalSection(SolutionProperties) = preSolution
		HideSolutionNode = FALSE
	EndGlobalSection
	GlobalSection(ExtensibilityGlobals) = postSolution
		SolutionGuid = {0631F842-315D-405B-AA32-C951B4ABC6A4}
	EndGlobalSection
EndGlobal
